// !$*UTF8*$!
{
	archiveVersion = 1;
	classes = {
	};
	objectVersion = 50;
	objects = {

/* Begin PBXBuildFile section */
		181D45BE24776DE90038F6F3 /* AppDelegate.swift in Sources */ = {isa = PBXBuildFile; fileRef = 181D45BD24776DE90038F6F3 /* AppDelegate.swift */; };
		181D45C224776DF20038F6F3 /* Assets.xcassets in Resources */ = {isa = PBXBuildFile; fileRef = 181D45C124776DF20038F6F3 /* Assets.xcassets */; };
		181D45C524776DF20038F6F3 /* Main.storyboard in Resources */ = {isa = PBXBuildFile; fileRef = 181D45C324776DF20038F6F3 /* Main.storyboard */; };
		181D45D124776DF30038F6F3 /* MyDrawingBoardTests.swift in Sources */ = {isa = PBXBuildFile; fileRef = 181D45D024776DF30038F6F3 /* MyDrawingBoardTests.swift */; };
		181D45DC24776DF30038F6F3 /* MyDrawingBoardUITests.swift in Sources */ = {isa = PBXBuildFile; fileRef = 181D45DB24776DF30038F6F3 /* MyDrawingBoardUITests.swift */; };
		181D45ED247771C90038F6F3 /* MyMainPanel.swift in Sources */ = {isa = PBXBuildFile; fileRef = 181D45EC247771C90038F6F3 /* MyMainPanel.swift */; };
		181D45F02477724A0038F6F3 /* GMLWindowController.swift in Sources */ = {isa = PBXBuildFile; fileRef = 181D45EF2477724A0038F6F3 /* GMLWindowController.swift */; };
		181D46552477CDF00038F6F3 /* GMLDocumentController.swift in Sources */ = {isa = PBXBuildFile; fileRef = 181D46542477CDF00038F6F3 /* GMLDocumentController.swift */; };
		1835917F2480BA550093FEB2 /* NSImageExtension.swift in Sources */ = {isa = PBXBuildFile; fileRef = 1835916E2480BA530093FEB2 /* NSImageExtension.swift */; };
		183591802480BA550093FEB2 /* GMLDictionaryExtension.swift in Sources */ = {isa = PBXBuildFile; fileRef = 183591712480BA530093FEB2 /* GMLDictionaryExtension.swift */; };
		183591812480BA550093FEB2 /* FileManagerExtension.swift in Sources */ = {isa = PBXBuildFile; fileRef = 183591732480BA530093FEB2 /* FileManagerExtension.swift */; };
		183591822480BA550093FEB2 /* GMLStringExtension.swift in Sources */ = {isa = PBXBuildFile; fileRef = 183591752480BA530093FEB2 /* GMLStringExtension.swift */; };
		183591832480BA550093FEB2 /* StringPathExtension.swift in Sources */ = {isa = PBXBuildFile; fileRef = 183591762480BA540093FEB2 /* StringPathExtension.swift */; };
		183591852480BA550093FEB2 /* GMLArrayExtension.swift in Sources */ = {isa = PBXBuildFile; fileRef = 183591792480BA540093FEB2 /* GMLArrayExtension.swift */; };
		183591882480BA550093FEB2 /* GMLPriceCalculateRules.swift in Sources */ = {isa = PBXBuildFile; fileRef = 1835917E2480BA540093FEB2 /* GMLPriceCalculateRules.swift */; };
		18EAA8E5247BA1DF000ACB9D /* ReplacePhotoService.swift in Sources */ = {isa = PBXBuildFile; fileRef = 18EAA8E4247BA1DF000ACB9D /* ReplacePhotoService.swift */; };
		18EAA8E8247BA3D1000ACB9D /* ReplacePhotoDefinesType.swift in Sources */ = {isa = PBXBuildFile; fileRef = 18EAA8E7247BA3D1000ACB9D /* ReplacePhotoDefinesType.swift */; };
		18EAA8EB247CB1D2000ACB9D /* FileItem.swift in Sources */ = {isa = PBXBuildFile; fileRef = 18EAA8EA247CB1D2000ACB9D /* FileItem.swift */; };
		6D4C5DFC2478B0C00012E7D4 /* GMLApplication.swift in Sources */ = {isa = PBXBuildFile; fileRef = 6D4C5DFB2478B0C00012E7D4 /* GMLApplication.swift */; };
		6D65865D248544F300C0EFB0 /* FontExtension.swift in Sources */ = {isa = PBXBuildFile; fileRef = 6D65865C248544F300C0EFB0 /* FontExtension.swift */; };
		6D65865E2485471A00C0EFB0 /* FontExtension.swift in Sources */ = {isa = PBXBuildFile; fileRef = 6D65865C248544F300C0EFB0 /* FontExtension.swift */; };
		6D65866024854A7F00C0EFB0 /* ColorExtension.swift in Sources */ = {isa = PBXBuildFile; fileRef = 6D65865F24854A7F00C0EFB0 /* ColorExtension.swift */; };
		6D8D0CD1247AB22300FD6933 /* ReplacePhotoVC.swift in Sources */ = {isa = PBXBuildFile; fileRef = 6D8D0CCF247AB22300FD6933 /* ReplacePhotoVC.swift */; };
		6D8D0CD2247AB22300FD6933 /* ReplacePhotoVC.xib in Resources */ = {isa = PBXBuildFile; fileRef = 6D8D0CD0247AB22300FD6933 /* ReplacePhotoVC.xib */; };
		6D8D0CD6247ABF2A00FD6933 /* SelectedFolderLabel.swift in Sources */ = {isa = PBXBuildFile; fileRef = 6D8D0CD5247ABF2A00FD6933 /* SelectedFolderLabel.swift */; };
		6D90403624824BB400D24289 /* FileReplaceLog.swift in Sources */ = {isa = PBXBuildFile; fileRef = 6D90403524824BB400D24289 /* FileReplaceLog.swift */; };
		6D904EC724828C3200D24289 /* GMLRichTextBuilder.swift in Sources */ = {isa = PBXBuildFile; fileRef = 6D904EC624828C3200D24289 /* GMLRichTextBuilder.swift */; };
		6D904EC924828D2B00D24289 /* GMLAttributesBuilder.swift in Sources */ = {isa = PBXBuildFile; fileRef = 6D904EC824828D2B00D24289 /* GMLAttributesBuilder.swift */; };
		6D904ED124829A9800D24289 /* AppDelegate.swift in Sources */ = {isa = PBXBuildFile; fileRef = 6D904ED024829A9800D24289 /* AppDelegate.swift */; };
		6D904ED324829A9800D24289 /* SceneDelegate.swift in Sources */ = {isa = PBXBuildFile; fileRef = 6D904ED224829A9800D24289 /* SceneDelegate.swift */; };
		6D904ED524829A9800D24289 /* ViewController.swift in Sources */ = {isa = PBXBuildFile; fileRef = 6D904ED424829A9800D24289 /* ViewController.swift */; };
		6D904ED824829A9800D24289 /* Main.storyboard in Resources */ = {isa = PBXBuildFile; fileRef = 6D904ED624829A9800D24289 /* Main.storyboard */; };
		6D904EDA24829A9B00D24289 /* Assets.xcassets in Resources */ = {isa = PBXBuildFile; fileRef = 6D904ED924829A9B00D24289 /* Assets.xcassets */; };
		6D904EDD24829A9B00D24289 /* LaunchScreen.storyboard in Resources */ = {isa = PBXBuildFile; fileRef = 6D904EDB24829A9B00D24289 /* LaunchScreen.storyboard */; };
		6D904EE824829A9B00D24289 /* MyDrawingBoard_iOSTests.swift in Sources */ = {isa = PBXBuildFile; fileRef = 6D904EE724829A9B00D24289 /* MyDrawingBoard_iOSTests.swift */; };
		6D904EF324829A9B00D24289 /* MyDrawingBoard_iOSUITests.swift in Sources */ = {isa = PBXBuildFile; fileRef = 6D904EF224829A9B00D24289 /* MyDrawingBoard_iOSUITests.swift */; };
		6D904EFE24829AB500D24289 /* GMLAttributesBuilder.swift in Sources */ = {isa = PBXBuildFile; fileRef = 6D904EC824828D2B00D24289 /* GMLAttributesBuilder.swift */; };
		6D904F0024829B6C00D24289 /* GMLAttributedStringDefines.swift in Sources */ = {isa = PBXBuildFile; fileRef = 6D904EFF24829B6C00D24289 /* GMLAttributedStringDefines.swift */; };
		6D904F012482A16800D24289 /* GMLAttributedStringDefines.swift in Sources */ = {isa = PBXBuildFile; fileRef = 6D904EFF24829B6C00D24289 /* GMLAttributedStringDefines.swift */; };
		6D904F022482A16C00D24289 /* GMLRichTextBuilder.swift in Sources */ = {isa = PBXBuildFile; fileRef = 6D904EC624828C3200D24289 /* GMLRichTextBuilder.swift */; };
		6D904F032482A17E00D24289 /* GMLDictionaryExtension.swift in Sources */ = {isa = PBXBuildFile; fileRef = 183591712480BA530093FEB2 /* GMLDictionaryExtension.swift */; };
		6D904F092482ACBA00D24289 /* GMLAttributesKeyDefines.swift in Sources */ = {isa = PBXBuildFile; fileRef = 6D904F082482ACBA00D24289 /* GMLAttributesKeyDefines.swift */; };
		6D904F0B2482AD8D00D24289 /* GMLAttributesBuilderExtension.swift in Sources */ = {isa = PBXBuildFile; fileRef = 6D904F0A2482AD8D00D24289 /* GMLAttributesBuilderExtension.swift */; };
		6D9325DB24830AD80078C851 /* GMLRuntimeExtension.swift in Sources */ = {isa = PBXBuildFile; fileRef = 6D9325DA24830AD80078C851 /* GMLRuntimeExtension.swift */; };
		6D9325DD248319CD0078C851 /* GMLRuntimeExtensionTests.swift in Sources */ = {isa = PBXBuildFile; fileRef = 6D9325DC248319CD0078C851 /* GMLRuntimeExtensionTests.swift */; };
		6D9585DB2479514D0061FB55 /* ToolsItem.swift in Sources */ = {isa = PBXBuildFile; fileRef = 6D9585DA2479514D0061FB55 /* ToolsItem.swift */; };
		6D9585DD24795EAB0061FB55 /* MainToolCell.swift in Sources */ = {isa = PBXBuildFile; fileRef = 6D9585DC24795EAB0061FB55 /* MainToolCell.swift */; };
		6D9C72FA2483BCC100F7B804 /* GMLAttributesBuilderExtension.swift in Sources */ = {isa = PBXBuildFile; fileRef = 6D904F0A2482AD8D00D24289 /* GMLAttributesBuilderExtension.swift */; };
		6D9C72FB2483BCC900F7B804 /* GMLAttributesKeyDefines.swift in Sources */ = {isa = PBXBuildFile; fileRef = 6D904F082482ACBA00D24289 /* GMLAttributesKeyDefines.swift */; };
/* End PBXBuildFile section */

/* Begin PBXContainerItemProxy section */
		181D45CD24776DF30038F6F3 /* PBXContainerItemProxy */ = {
			isa = PBXContainerItemProxy;
			containerPortal = 181D45B224776DE90038F6F3 /* Project object */;
			proxyType = 1;
			remoteGlobalIDString = 181D45B924776DE90038F6F3;
			remoteInfo = MyDrawingBoard;
		};
		181D45D824776DF30038F6F3 /* PBXContainerItemProxy */ = {
			isa = PBXContainerItemProxy;
			containerPortal = 181D45B224776DE90038F6F3 /* Project object */;
			proxyType = 1;
			remoteGlobalIDString = 181D45B924776DE90038F6F3;
			remoteInfo = MyDrawingBoard;
		};
		6D904EE424829A9B00D24289 /* PBXContainerItemProxy */ = {
			isa = PBXContainerItemProxy;
			containerPortal = 181D45B224776DE90038F6F3 /* Project object */;
			proxyType = 1;
			remoteGlobalIDString = 6D904ECD24829A9800D24289;
			remoteInfo = "MyDrawingBoard-iOS";
		};
		6D904EEF24829A9B00D24289 /* PBXContainerItemProxy */ = {
			isa = PBXContainerItemProxy;
			containerPortal = 181D45B224776DE90038F6F3 /* Project object */;
			proxyType = 1;
			remoteGlobalIDString = 6D904ECD24829A9800D24289;
			remoteInfo = "MyDrawingBoard-iOS";
		};
/* End PBXContainerItemProxy section */

/* Begin PBXFileReference section */
		181D45BA24776DE90038F6F3 /* MyDrawingBoard.app */ = {isa = PBXFileReference; explicitFileType = wrapper.application; includeInIndex = 0; path = MyDrawingBoard.app; sourceTree = BUILT_PRODUCTS_DIR; };
		181D45BD24776DE90038F6F3 /* AppDelegate.swift */ = {isa = PBXFileReference; lastKnownFileType = sourcecode.swift; path = AppDelegate.swift; sourceTree = "<group>"; };
		181D45C124776DF20038F6F3 /* Assets.xcassets */ = {isa = PBXFileReference; lastKnownFileType = folder.assetcatalog; path = Assets.xcassets; sourceTree = "<group>"; };
		181D45C424776DF20038F6F3 /* Base */ = {isa = PBXFileReference; lastKnownFileType = file.storyboard; name = Base; path = Base.lproj/Main.storyboard; sourceTree = "<group>"; };
		181D45C624776DF20038F6F3 /* Info.plist */ = {isa = PBXFileReference; lastKnownFileType = text.plist.xml; path = Info.plist; sourceTree = "<group>"; };
		181D45C724776DF20038F6F3 /* MyDrawingBoard.entitlements */ = {isa = PBXFileReference; lastKnownFileType = text.plist.entitlements; path = MyDrawingBoard.entitlements; sourceTree = "<group>"; };
		181D45CC24776DF30038F6F3 /* MyDrawingBoardTests.xctest */ = {isa = PBXFileReference; explicitFileType = wrapper.cfbundle; includeInIndex = 0; path = MyDrawingBoardTests.xctest; sourceTree = BUILT_PRODUCTS_DIR; };
		181D45D024776DF30038F6F3 /* MyDrawingBoardTests.swift */ = {isa = PBXFileReference; lastKnownFileType = sourcecode.swift; path = MyDrawingBoardTests.swift; sourceTree = "<group>"; };
		181D45D224776DF30038F6F3 /* Info.plist */ = {isa = PBXFileReference; lastKnownFileType = text.plist.xml; path = Info.plist; sourceTree = "<group>"; };
		181D45D724776DF30038F6F3 /* MyDrawingBoardUITests.xctest */ = {isa = PBXFileReference; explicitFileType = wrapper.cfbundle; includeInIndex = 0; path = MyDrawingBoardUITests.xctest; sourceTree = BUILT_PRODUCTS_DIR; };
		181D45DB24776DF30038F6F3 /* MyDrawingBoardUITests.swift */ = {isa = PBXFileReference; lastKnownFileType = sourcecode.swift; path = MyDrawingBoardUITests.swift; sourceTree = "<group>"; };
		181D45DD24776DF30038F6F3 /* Info.plist */ = {isa = PBXFileReference; lastKnownFileType = text.plist.xml; path = Info.plist; sourceTree = "<group>"; };
		181D45EC247771C90038F6F3 /* MyMainPanel.swift */ = {isa = PBXFileReference; lastKnownFileType = sourcecode.swift; path = MyMainPanel.swift; sourceTree = "<group>"; };
		181D45EF2477724A0038F6F3 /* GMLWindowController.swift */ = {isa = PBXFileReference; lastKnownFileType = sourcecode.swift; path = GMLWindowController.swift; sourceTree = "<group>"; };
		181D464D2477CB040038F6F3 /* MyDrawingBoard-Bridging-Header.h */ = {isa = PBXFileReference; lastKnownFileType = sourcecode.c.h; path = "MyDrawingBoard-Bridging-Header.h"; sourceTree = "<group>"; };
		181D46542477CDF00038F6F3 /* GMLDocumentController.swift */ = {isa = PBXFileReference; lastKnownFileType = sourcecode.swift; path = GMLDocumentController.swift; sourceTree = "<group>"; };
		1835916E2480BA530093FEB2 /* NSImageExtension.swift */ = {isa = PBXFileReference; fileEncoding = 4; lastKnownFileType = sourcecode.swift; path = NSImageExtension.swift; sourceTree = "<group>"; };
		183591712480BA530093FEB2 /* GMLDictionaryExtension.swift */ = {isa = PBXFileReference; fileEncoding = 4; lastKnownFileType = sourcecode.swift; path = GMLDictionaryExtension.swift; sourceTree = "<group>"; };
		183591732480BA530093FEB2 /* FileManagerExtension.swift */ = {isa = PBXFileReference; fileEncoding = 4; lastKnownFileType = sourcecode.swift; path = FileManagerExtension.swift; sourceTree = "<group>"; };
		183591752480BA530093FEB2 /* GMLStringExtension.swift */ = {isa = PBXFileReference; fileEncoding = 4; lastKnownFileType = sourcecode.swift; path = GMLStringExtension.swift; sourceTree = "<group>"; };
		183591762480BA540093FEB2 /* StringPathExtension.swift */ = {isa = PBXFileReference; fileEncoding = 4; lastKnownFileType = sourcecode.swift; path = StringPathExtension.swift; sourceTree = "<group>"; };
		183591792480BA540093FEB2 /* GMLArrayExtension.swift */ = {isa = PBXFileReference; fileEncoding = 4; lastKnownFileType = sourcecode.swift; path = GMLArrayExtension.swift; sourceTree = "<group>"; };
		1835917E2480BA540093FEB2 /* GMLPriceCalculateRules.swift */ = {isa = PBXFileReference; fileEncoding = 4; lastKnownFileType = sourcecode.swift; path = GMLPriceCalculateRules.swift; sourceTree = "<group>"; };
		1879BA932484A2CA00FB4E02 /* README.md */ = {isa = PBXFileReference; lastKnownFileType = net.daringfireball.markdown; path = README.md; sourceTree = "<group>"; };
		1879BA942484A2E200FB4E02 /* README.md */ = {isa = PBXFileReference; lastKnownFileType = net.daringfireball.markdown; path = README.md; sourceTree = "<group>"; };
		1879BA952484A31000FB4E02 /* README.md */ = {isa = PBXFileReference; lastKnownFileType = net.daringfireball.markdown; path = README.md; sourceTree = "<group>"; };
		1879BA962484A85B00FB4E02 /* README.md */ = {isa = PBXFileReference; lastKnownFileType = net.daringfireball.markdown; path = README.md; sourceTree = "<group>"; };
		18EAA8E4247BA1DF000ACB9D /* ReplacePhotoService.swift */ = {isa = PBXFileReference; lastKnownFileType = sourcecode.swift; path = ReplacePhotoService.swift; sourceTree = "<group>"; };
		18EAA8E7247BA3D1000ACB9D /* ReplacePhotoDefinesType.swift */ = {isa = PBXFileReference; lastKnownFileType = sourcecode.swift; path = ReplacePhotoDefinesType.swift; sourceTree = "<group>"; };
		18EAA8EA247CB1D2000ACB9D /* FileItem.swift */ = {isa = PBXFileReference; lastKnownFileType = sourcecode.swift; path = FileItem.swift; sourceTree = "<group>"; };
		6D4C5DFB2478B0C00012E7D4 /* GMLApplication.swift */ = {isa = PBXFileReference; lastKnownFileType = sourcecode.swift; path = GMLApplication.swift; sourceTree = "<group>"; };
		6D65865B2485448900C0EFB0 /* README.md */ = {isa = PBXFileReference; lastKnownFileType = net.daringfireball.markdown; path = README.md; sourceTree = "<group>"; };
		6D65865C248544F300C0EFB0 /* FontExtension.swift */ = {isa = PBXFileReference; lastKnownFileType = sourcecode.swift; path = FontExtension.swift; sourceTree = "<group>"; };
		6D65865F24854A7F00C0EFB0 /* ColorExtension.swift */ = {isa = PBXFileReference; lastKnownFileType = sourcecode.swift; path = ColorExtension.swift; sourceTree = "<group>"; };
		6D8D0CCF247AB22300FD6933 /* ReplacePhotoVC.swift */ = {isa = PBXFileReference; lastKnownFileType = sourcecode.swift; path = ReplacePhotoVC.swift; sourceTree = "<group>"; };
		6D8D0CD0247AB22300FD6933 /* ReplacePhotoVC.xib */ = {isa = PBXFileReference; lastKnownFileType = file.xib; path = ReplacePhotoVC.xib; sourceTree = "<group>"; };
		6D8D0CD5247ABF2A00FD6933 /* SelectedFolderLabel.swift */ = {isa = PBXFileReference; lastKnownFileType = sourcecode.swift; path = SelectedFolderLabel.swift; sourceTree = "<group>"; };
		6D90403524824BB400D24289 /* FileReplaceLog.swift */ = {isa = PBXFileReference; lastKnownFileType = sourcecode.swift; path = FileReplaceLog.swift; sourceTree = "<group>"; };
		6D904EC624828C3200D24289 /* GMLRichTextBuilder.swift */ = {isa = PBXFileReference; lastKnownFileType = sourcecode.swift; path = GMLRichTextBuilder.swift; sourceTree = "<group>"; };
		6D904EC824828D2B00D24289 /* GMLAttributesBuilder.swift */ = {isa = PBXFileReference; lastKnownFileType = sourcecode.swift; path = GMLAttributesBuilder.swift; sourceTree = "<group>"; };
		6D904ECE24829A9800D24289 /* MyDrawingBoard-iOS.app */ = {isa = PBXFileReference; explicitFileType = wrapper.application; includeInIndex = 0; path = "MyDrawingBoard-iOS.app"; sourceTree = BUILT_PRODUCTS_DIR; };
		6D904ED024829A9800D24289 /* AppDelegate.swift */ = {isa = PBXFileReference; lastKnownFileType = sourcecode.swift; path = AppDelegate.swift; sourceTree = "<group>"; };
		6D904ED224829A9800D24289 /* SceneDelegate.swift */ = {isa = PBXFileReference; lastKnownFileType = sourcecode.swift; path = SceneDelegate.swift; sourceTree = "<group>"; };
		6D904ED424829A9800D24289 /* ViewController.swift */ = {isa = PBXFileReference; lastKnownFileType = sourcecode.swift; path = ViewController.swift; sourceTree = "<group>"; };
		6D904ED724829A9800D24289 /* Base */ = {isa = PBXFileReference; lastKnownFileType = file.storyboard; name = Base; path = Base.lproj/Main.storyboard; sourceTree = "<group>"; };
		6D904ED924829A9B00D24289 /* Assets.xcassets */ = {isa = PBXFileReference; lastKnownFileType = folder.assetcatalog; path = Assets.xcassets; sourceTree = "<group>"; };
		6D904EDC24829A9B00D24289 /* Base */ = {isa = PBXFileReference; lastKnownFileType = file.storyboard; name = Base; path = Base.lproj/LaunchScreen.storyboard; sourceTree = "<group>"; };
		6D904EDE24829A9B00D24289 /* Info.plist */ = {isa = PBXFileReference; lastKnownFileType = text.plist.xml; path = Info.plist; sourceTree = "<group>"; };
		6D904EE324829A9B00D24289 /* MyDrawingBoard-iOSTests.xctest */ = {isa = PBXFileReference; explicitFileType = wrapper.cfbundle; includeInIndex = 0; path = "MyDrawingBoard-iOSTests.xctest"; sourceTree = BUILT_PRODUCTS_DIR; };
		6D904EE724829A9B00D24289 /* MyDrawingBoard_iOSTests.swift */ = {isa = PBXFileReference; lastKnownFileType = sourcecode.swift; path = MyDrawingBoard_iOSTests.swift; sourceTree = "<group>"; };
		6D904EE924829A9B00D24289 /* Info.plist */ = {isa = PBXFileReference; lastKnownFileType = text.plist.xml; path = Info.plist; sourceTree = "<group>"; };
		6D904EEE24829A9B00D24289 /* MyDrawingBoard-iOSUITests.xctest */ = {isa = PBXFileReference; explicitFileType = wrapper.cfbundle; includeInIndex = 0; path = "MyDrawingBoard-iOSUITests.xctest"; sourceTree = BUILT_PRODUCTS_DIR; };
		6D904EF224829A9B00D24289 /* MyDrawingBoard_iOSUITests.swift */ = {isa = PBXFileReference; lastKnownFileType = sourcecode.swift; path = MyDrawingBoard_iOSUITests.swift; sourceTree = "<group>"; };
		6D904EF424829A9B00D24289 /* Info.plist */ = {isa = PBXFileReference; lastKnownFileType = text.plist.xml; path = Info.plist; sourceTree = "<group>"; };
		6D904EFF24829B6C00D24289 /* GMLAttributedStringDefines.swift */ = {isa = PBXFileReference; lastKnownFileType = sourcecode.swift; path = GMLAttributedStringDefines.swift; sourceTree = "<group>"; };
		6D904F082482ACBA00D24289 /* GMLAttributesKeyDefines.swift */ = {isa = PBXFileReference; fileEncoding = 4; lastKnownFileType = sourcecode.swift; path = GMLAttributesKeyDefines.swift; sourceTree = "<group>"; };
		6D904F0A2482AD8D00D24289 /* GMLAttributesBuilderExtension.swift */ = {isa = PBXFileReference; lastKnownFileType = sourcecode.swift; path = GMLAttributesBuilderExtension.swift; sourceTree = "<group>"; };
		6D9325DA24830AD80078C851 /* GMLRuntimeExtension.swift */ = {isa = PBXFileReference; lastKnownFileType = sourcecode.swift; path = GMLRuntimeExtension.swift; sourceTree = "<group>"; };
		6D9325DC248319CD0078C851 /* GMLRuntimeExtensionTests.swift */ = {isa = PBXFileReference; lastKnownFileType = sourcecode.swift; path = GMLRuntimeExtensionTests.swift; sourceTree = "<group>"; };
		6D9585DA2479514D0061FB55 /* ToolsItem.swift */ = {isa = PBXFileReference; lastKnownFileType = sourcecode.swift; path = ToolsItem.swift; sourceTree = "<group>"; };
		6D9585DC24795EAB0061FB55 /* MainToolCell.swift */ = {isa = PBXFileReference; lastKnownFileType = sourcecode.swift; path = MainToolCell.swift; sourceTree = "<group>"; };
		6D9C72FC2483C08900F7B804 /* ReplacePhotoREADME.md */ = {isa = PBXFileReference; lastKnownFileType = net.daringfireball.markdown; path = ReplacePhotoREADME.md; sourceTree = "<group>"; };
/* End PBXFileReference section */

/* Begin PBXFrameworksBuildPhase section */
		181D45B724776DE90038F6F3 /* Frameworks */ = {
			isa = PBXFrameworksBuildPhase;
			buildActionMask = 2147483647;
			files = (
			);
			runOnlyForDeploymentPostprocessing = 0;
		};
		181D45C924776DF20038F6F3 /* Frameworks */ = {
			isa = PBXFrameworksBuildPhase;
			buildActionMask = 2147483647;
			files = (
			);
			runOnlyForDeploymentPostprocessing = 0;
		};
		181D45D424776DF30038F6F3 /* Frameworks */ = {
			isa = PBXFrameworksBuildPhase;
			buildActionMask = 2147483647;
			files = (
			);
			runOnlyForDeploymentPostprocessing = 0;
		};
		6D904ECB24829A9800D24289 /* Frameworks */ = {
			isa = PBXFrameworksBuildPhase;
			buildActionMask = 2147483647;
			files = (
			);
			runOnlyForDeploymentPostprocessing = 0;
		};
		6D904EE024829A9B00D24289 /* Frameworks */ = {
			isa = PBXFrameworksBuildPhase;
			buildActionMask = 2147483647;
			files = (
			);
			runOnlyForDeploymentPostprocessing = 0;
		};
		6D904EEB24829A9B00D24289 /* Frameworks */ = {
			isa = PBXFrameworksBuildPhase;
			buildActionMask = 2147483647;
			files = (
			);
			runOnlyForDeploymentPostprocessing = 0;
		};
/* End PBXFrameworksBuildPhase section */

/* Begin PBXGroup section */
		181D45B124776DE90038F6F3 = {
			isa = PBXGroup;
			children = (
				1835916B2480BA530093FEB2 /* GMLExtension */,
				181D45BC24776DE90038F6F3 /* MyDrawingBoard */,
				181D45CF24776DF30038F6F3 /* MyDrawingBoardTests */,
				181D45DA24776DF30038F6F3 /* MyDrawingBoardUITests */,
				6D904ECF24829A9800D24289 /* MyDrawingBoard-iOS */,
				6D904EE624829A9B00D24289 /* MyDrawingBoard-iOSTests */,
				6D904EF124829A9B00D24289 /* MyDrawingBoard-iOSUITests */,
				181D45BB24776DE90038F6F3 /* Products */,
			);
			sourceTree = "<group>";
		};
		181D45BB24776DE90038F6F3 /* Products */ = {
			isa = PBXGroup;
			children = (
				181D45BA24776DE90038F6F3 /* MyDrawingBoard.app */,
				181D45CC24776DF30038F6F3 /* MyDrawingBoardTests.xctest */,
				181D45D724776DF30038F6F3 /* MyDrawingBoardUITests.xctest */,
				6D904ECE24829A9800D24289 /* MyDrawingBoard-iOS.app */,
				6D904EE324829A9B00D24289 /* MyDrawingBoard-iOSTests.xctest */,
				6D904EEE24829A9B00D24289 /* MyDrawingBoard-iOSUITests.xctest */,
			);
			name = Products;
			sourceTree = "<group>";
		};
		181D45BC24776DE90038F6F3 /* MyDrawingBoard */ = {
			isa = PBXGroup;
			children = (
				181D45BD24776DE90038F6F3 /* AppDelegate.swift */,
				181D45E924776E220038F6F3 /* Module */,
				181D45C124776DF20038F6F3 /* Assets.xcassets */,
				181D45C324776DF20038F6F3 /* Main.storyboard */,
				181D45C624776DF20038F6F3 /* Info.plist */,
				181D45C724776DF20038F6F3 /* MyDrawingBoard.entitlements */,
				181D464D2477CB040038F6F3 /* MyDrawingBoard-Bridging-Header.h */,
			);
			path = MyDrawingBoard;
			sourceTree = "<group>";
		};
		181D45CF24776DF30038F6F3 /* MyDrawingBoardTests */ = {
			isa = PBXGroup;
			children = (
				181D45D024776DF30038F6F3 /* MyDrawingBoardTests.swift */,
				6D9325DC248319CD0078C851 /* GMLRuntimeExtensionTests.swift */,
				181D45D224776DF30038F6F3 /* Info.plist */,
			);
			path = MyDrawingBoardTests;
			sourceTree = "<group>";
		};
		181D45DA24776DF30038F6F3 /* MyDrawingBoardUITests */ = {
			isa = PBXGroup;
			children = (
				181D45DB24776DF30038F6F3 /* MyDrawingBoardUITests.swift */,
				181D45DD24776DF30038F6F3 /* Info.plist */,
			);
			path = MyDrawingBoardUITests;
			sourceTree = "<group>";
		};
		181D45E924776E220038F6F3 /* Module */ = {
			isa = PBXGroup;
			children = (
				6D8D0CD4247ABF1200FD6933 /* PublicViews */,
				6D9585DE24795F550061FB55 /* ReplacePhoto */,
				181D45EE247772190038F6F3 /* BaseController */,
				181D45EA24776EAA0038F6F3 /* Main */,
			);
			path = Module;
			sourceTree = "<group>";
		};
		181D45EA24776EAA0038F6F3 /* Main */ = {
			isa = PBXGroup;
			children = (
				6D9585D9247950E80061FB55 /* Views */,
				6D4BC7CC2478D20300F7408E /* Model */,
				181D45EB24776EBA0038F6F3 /* Controllers */,
			);
			path = Main;
			sourceTree = "<group>";
		};
		181D45EB24776EBA0038F6F3 /* Controllers */ = {
			isa = PBXGroup;
			children = (
				181D45EC247771C90038F6F3 /* MyMainPanel.swift */,
			);
			path = Controllers;
			sourceTree = "<group>";
		};
		181D45EE247772190038F6F3 /* BaseController */ = {
			isa = PBXGroup;
			children = (
				181D45EF2477724A0038F6F3 /* GMLWindowController.swift */,
				181D46542477CDF00038F6F3 /* GMLDocumentController.swift */,
				6D4C5DFB2478B0C00012E7D4 /* GMLApplication.swift */,
			);
			path = BaseController;
			sourceTree = "<group>";
		};
		1835916B2480BA530093FEB2 /* GMLExtension */ = {
			isa = PBXGroup;
			children = (
				1879BA952484A31000FB4E02 /* README.md */,
				6D65865A2485445800C0EFB0 /* App&UI */,
				6D9325D924830A9F0078C851 /* RunTime */,
				1835916C2480BA530093FEB2 /* CocoaExtension */,
				1835916F2480BA530093FEB2 /* FoundationExtension */,
				1835917B2480BA540093FEB2 /* FoundationToolsExtension */,
			);
			path = GMLExtension;
			sourceTree = "<group>";
		};
		1835916C2480BA530093FEB2 /* CocoaExtension */ = {
			isa = PBXGroup;
			children = (
				1835916D2480BA530093FEB2 /* NSImage */,
			);
			path = CocoaExtension;
			sourceTree = "<group>";
		};
		1835916D2480BA530093FEB2 /* NSImage */ = {
			isa = PBXGroup;
			children = (
				1835916E2480BA530093FEB2 /* NSImageExtension.swift */,
			);
			path = NSImage;
			sourceTree = "<group>";
		};
		1835916F2480BA530093FEB2 /* FoundationExtension */ = {
			isa = PBXGroup;
			children = (
				1879BA942484A2E200FB4E02 /* README.md */,
				6D904EC524828C0600D24289 /* AttributedExtension */,
				183591702480BA530093FEB2 /* DictionaryExtension */,
				183591722480BA530093FEB2 /* FileManagerExtension */,
				183591742480BA530093FEB2 /* StringExtension */,
				183591782480BA540093FEB2 /* ArrayExtension */,
			);
			path = FoundationExtension;
			sourceTree = "<group>";
		};
		183591702480BA530093FEB2 /* DictionaryExtension */ = {
			isa = PBXGroup;
			children = (
				183591712480BA530093FEB2 /* GMLDictionaryExtension.swift */,
			);
			path = DictionaryExtension;
			sourceTree = "<group>";
		};
		183591722480BA530093FEB2 /* FileManagerExtension */ = {
			isa = PBXGroup;
			children = (
				183591732480BA530093FEB2 /* FileManagerExtension.swift */,
			);
			path = FileManagerExtension;
			sourceTree = "<group>";
		};
		183591742480BA530093FEB2 /* StringExtension */ = {
			isa = PBXGroup;
			children = (
				183591752480BA530093FEB2 /* GMLStringExtension.swift */,
				183591762480BA540093FEB2 /* StringPathExtension.swift */,
			);
			path = StringExtension;
			sourceTree = "<group>";
		};
		183591782480BA540093FEB2 /* ArrayExtension */ = {
			isa = PBXGroup;
			children = (
				183591792480BA540093FEB2 /* GMLArrayExtension.swift */,
			);
			path = ArrayExtension;
			sourceTree = "<group>";
		};
		1835917B2480BA540093FEB2 /* FoundationToolsExtension */ = {
			isa = PBXGroup;
			children = (
				1879BA932484A2CA00FB4E02 /* README.md */,
				1835917D2480BA540093FEB2 /* Number */,
			);
			path = FoundationToolsExtension;
			sourceTree = "<group>";
		};
		1835917D2480BA540093FEB2 /* Number */ = {
			isa = PBXGroup;
			children = (
				1835917E2480BA540093FEB2 /* GMLPriceCalculateRules.swift */,
			);
			path = Number;
			sourceTree = "<group>";
		};
		18EAA8E2247B6CF6000ACB9D /* Controllers */ = {
			isa = PBXGroup;
			children = (
				6D8D0CCF247AB22300FD6933 /* ReplacePhotoVC.swift */,
				6D8D0CD0247AB22300FD6933 /* ReplacePhotoVC.xib */,
			);
			path = Controllers;
			sourceTree = "<group>";
		};
		18EAA8E3247BA1BA000ACB9D /* Service */ = {
			isa = PBXGroup;
			children = (
				18EAA8E4247BA1DF000ACB9D /* ReplacePhotoService.swift */,
			);
			path = Service;
			sourceTree = "<group>";
		};
		18EAA8E6247BA341000ACB9D /* DefineTypes */ = {
			isa = PBXGroup;
			children = (
				18EAA8E7247BA3D1000ACB9D /* ReplacePhotoDefinesType.swift */,
			);
			path = DefineTypes;
			sourceTree = "<group>";
		};
		18EAA8E9247CB1BD000ACB9D /* Models */ = {
			isa = PBXGroup;
			children = (
				18EAA8EA247CB1D2000ACB9D /* FileItem.swift */,
				6D90403524824BB400D24289 /* FileReplaceLog.swift */,
			);
			path = Models;
			sourceTree = "<group>";
		};
		6D4BC7CC2478D20300F7408E /* Model */ = {
			isa = PBXGroup;
			children = (
				6D9585DA2479514D0061FB55 /* ToolsItem.swift */,
			);
			path = Model;
			sourceTree = "<group>";
		};
		6D65865A2485445800C0EFB0 /* App&UI */ = {
			isa = PBXGroup;
			children = (
				6D65865B2485448900C0EFB0 /* README.md */,
				6D65865C248544F300C0EFB0 /* FontExtension.swift */,
				6D65865F24854A7F00C0EFB0 /* ColorExtension.swift */,
			);
			path = "App&UI";
			sourceTree = "<group>";
		};
		6D8D0CD3247ABED500FD6933 /* Views */ = {
			isa = PBXGroup;
			children = (
			);
			path = Views;
			sourceTree = "<group>";
		};
		6D8D0CD4247ABF1200FD6933 /* PublicViews */ = {
			isa = PBXGroup;
			children = (
				6D8D0CD5247ABF2A00FD6933 /* SelectedFolderLabel.swift */,
			);
			path = PublicViews;
			sourceTree = "<group>";
		};
		6D904EC524828C0600D24289 /* AttributedExtension */ = {
			isa = PBXGroup;
			children = (
				6D904EC624828C3200D24289 /* GMLRichTextBuilder.swift */,
				6D904EC824828D2B00D24289 /* GMLAttributesBuilder.swift */,
				6D904F0A2482AD8D00D24289 /* GMLAttributesBuilderExtension.swift */,
				6D904EFF24829B6C00D24289 /* GMLAttributedStringDefines.swift */,
				6D904F082482ACBA00D24289 /* GMLAttributesKeyDefines.swift */,
				1879BA962484A85B00FB4E02 /* README.md */,
			);
			path = AttributedExtension;
			sourceTree = "<group>";
		};
		6D904ECF24829A9800D24289 /* MyDrawingBoard-iOS */ = {
			isa = PBXGroup;
			children = (
				6D904ED024829A9800D24289 /* AppDelegate.swift */,
				6D904ED224829A9800D24289 /* SceneDelegate.swift */,
				6D904ED424829A9800D24289 /* ViewController.swift */,
				6D904ED624829A9800D24289 /* Main.storyboard */,
				6D904ED924829A9B00D24289 /* Assets.xcassets */,
				6D904EDB24829A9B00D24289 /* LaunchScreen.storyboard */,
				6D904EDE24829A9B00D24289 /* Info.plist */,
			);
			path = "MyDrawingBoard-iOS";
			sourceTree = "<group>";
		};
		6D904EE624829A9B00D24289 /* MyDrawingBoard-iOSTests */ = {
			isa = PBXGroup;
			children = (
				6D904EE724829A9B00D24289 /* MyDrawingBoard_iOSTests.swift */,
				6D904EE924829A9B00D24289 /* Info.plist */,
			);
			path = "MyDrawingBoard-iOSTests";
			sourceTree = "<group>";
		};
		6D904EF124829A9B00D24289 /* MyDrawingBoard-iOSUITests */ = {
			isa = PBXGroup;
			children = (
				6D904EF224829A9B00D24289 /* MyDrawingBoard_iOSUITests.swift */,
				6D904EF424829A9B00D24289 /* Info.plist */,
			);
			path = "MyDrawingBoard-iOSUITests";
			sourceTree = "<group>";
		};
		6D9325D924830A9F0078C851 /* RunTime */ = {
			isa = PBXGroup;
			children = (
				6D9325DA24830AD80078C851 /* GMLRuntimeExtension.swift */,
			);
			path = RunTime;
			sourceTree = "<group>";
		};
		6D9585D9247950E80061FB55 /* Views */ = {
			isa = PBXGroup;
			children = (
				6D9585DC24795EAB0061FB55 /* MainToolCell.swift */,
			);
			path = Views;
			sourceTree = "<group>";
		};
		6D9585DE24795F550061FB55 /* ReplacePhoto */ = {
			isa = PBXGroup;
			children = (
				18EAA8E9247CB1BD000ACB9D /* Models */,
				18EAA8E6247BA341000ACB9D /* DefineTypes */,
				18EAA8E3247BA1BA000ACB9D /* Service */,
				18EAA8E2247B6CF6000ACB9D /* Controllers */,
				6D8D0CD3247ABED500FD6933 /* Views */,
				6D9C72FC2483C08900F7B804 /* ReplacePhotoREADME.md */,
			);
			path = ReplacePhoto;
			sourceTree = "<group>";
		};
/* End PBXGroup section */

/* Begin PBXNativeTarget section */
		181D45B924776DE90038F6F3 /* MyDrawingBoard */ = {
			isa = PBXNativeTarget;
			buildConfigurationList = 181D45E024776DF30038F6F3 /* Build configuration list for PBXNativeTarget "MyDrawingBoard" */;
			buildPhases = (
				181D45B624776DE90038F6F3 /* Sources */,
				181D45B724776DE90038F6F3 /* Frameworks */,
				181D45B824776DE90038F6F3 /* Resources */,
			);
			buildRules = (
			);
			dependencies = (
			);
			name = MyDrawingBoard;
			productName = MyDrawingBoard;
			productReference = 181D45BA24776DE90038F6F3 /* MyDrawingBoard.app */;
			productType = "com.apple.product-type.application";
		};
		181D45CB24776DF20038F6F3 /* MyDrawingBoardTests */ = {
			isa = PBXNativeTarget;
			buildConfigurationList = 181D45E324776DF30038F6F3 /* Build configuration list for PBXNativeTarget "MyDrawingBoardTests" */;
			buildPhases = (
				181D45C824776DF20038F6F3 /* Sources */,
				181D45C924776DF20038F6F3 /* Frameworks */,
				181D45CA24776DF20038F6F3 /* Resources */,
			);
			buildRules = (
			);
			dependencies = (
				181D45CE24776DF30038F6F3 /* PBXTargetDependency */,
			);
			name = MyDrawingBoardTests;
			productName = MyDrawingBoardTests;
			productReference = 181D45CC24776DF30038F6F3 /* MyDrawingBoardTests.xctest */;
			productType = "com.apple.product-type.bundle.unit-test";
		};
		181D45D624776DF30038F6F3 /* MyDrawingBoardUITests */ = {
			isa = PBXNativeTarget;
			buildConfigurationList = 181D45E624776DF30038F6F3 /* Build configuration list for PBXNativeTarget "MyDrawingBoardUITests" */;
			buildPhases = (
				181D45D324776DF30038F6F3 /* Sources */,
				181D45D424776DF30038F6F3 /* Frameworks */,
				181D45D524776DF30038F6F3 /* Resources */,
			);
			buildRules = (
			);
			dependencies = (
				181D45D924776DF30038F6F3 /* PBXTargetDependency */,
			);
			name = MyDrawingBoardUITests;
			productName = MyDrawingBoardUITests;
			productReference = 181D45D724776DF30038F6F3 /* MyDrawingBoardUITests.xctest */;
			productType = "com.apple.product-type.bundle.ui-testing";
		};
		6D904ECD24829A9800D24289 /* MyDrawingBoard-iOS */ = {
			isa = PBXNativeTarget;
			buildConfigurationList = 6D904EF524829A9B00D24289 /* Build configuration list for PBXNativeTarget "MyDrawingBoard-iOS" */;
			buildPhases = (
				6D904ECA24829A9800D24289 /* Sources */,
				6D904ECB24829A9800D24289 /* Frameworks */,
				6D904ECC24829A9800D24289 /* Resources */,
			);
			buildRules = (
			);
			dependencies = (
			);
			name = "MyDrawingBoard-iOS";
			productName = "MyDrawingBoard-iOS";
			productReference = 6D904ECE24829A9800D24289 /* MyDrawingBoard-iOS.app */;
			productType = "com.apple.product-type.application";
		};
		6D904EE224829A9B00D24289 /* MyDrawingBoard-iOSTests */ = {
			isa = PBXNativeTarget;
			buildConfigurationList = 6D904EF824829A9B00D24289 /* Build configuration list for PBXNativeTarget "MyDrawingBoard-iOSTests" */;
			buildPhases = (
				6D904EDF24829A9B00D24289 /* Sources */,
				6D904EE024829A9B00D24289 /* Frameworks */,
				6D904EE124829A9B00D24289 /* Resources */,
			);
			buildRules = (
			);
			dependencies = (
				6D904EE524829A9B00D24289 /* PBXTargetDependency */,
			);
			name = "MyDrawingBoard-iOSTests";
			productName = "MyDrawingBoard-iOSTests";
			productReference = 6D904EE324829A9B00D24289 /* MyDrawingBoard-iOSTests.xctest */;
			productType = "com.apple.product-type.bundle.unit-test";
		};
		6D904EED24829A9B00D24289 /* MyDrawingBoard-iOSUITests */ = {
			isa = PBXNativeTarget;
			buildConfigurationList = 6D904EFB24829A9B00D24289 /* Build configuration list for PBXNativeTarget "MyDrawingBoard-iOSUITests" */;
			buildPhases = (
				6D904EEA24829A9B00D24289 /* Sources */,
				6D904EEB24829A9B00D24289 /* Frameworks */,
				6D904EEC24829A9B00D24289 /* Resources */,
			);
			buildRules = (
			);
			dependencies = (
				6D904EF024829A9B00D24289 /* PBXTargetDependency */,
			);
			name = "MyDrawingBoard-iOSUITests";
			productName = "MyDrawingBoard-iOSUITests";
			productReference = 6D904EEE24829A9B00D24289 /* MyDrawingBoard-iOSUITests.xctest */;
			productType = "com.apple.product-type.bundle.ui-testing";
		};
/* End PBXNativeTarget section */

/* Begin PBXProject section */
		181D45B224776DE90038F6F3 /* Project object */ = {
			isa = PBXProject;
			attributes = {
				LastSwiftUpdateCheck = 1130;
				LastUpgradeCheck = 1140;
				ORGANIZATIONNAME = GML;
				TargetAttributes = {
					181D45B924776DE90038F6F3 = {
						CreatedOnToolsVersion = 11.4;
						LastSwiftMigration = 1140;
					};
					181D45CB24776DF20038F6F3 = {
						CreatedOnToolsVersion = 11.4;
						TestTargetID = 181D45B924776DE90038F6F3;
					};
					181D45D624776DF30038F6F3 = {
						CreatedOnToolsVersion = 11.4;
						TestTargetID = 181D45B924776DE90038F6F3;
					};
					6D904ECD24829A9800D24289 = {
						CreatedOnToolsVersion = 11.3;
					};
					6D904EE224829A9B00D24289 = {
						CreatedOnToolsVersion = 11.3;
						TestTargetID = 6D904ECD24829A9800D24289;
					};
					6D904EED24829A9B00D24289 = {
						CreatedOnToolsVersion = 11.3;
						TestTargetID = 6D904ECD24829A9800D24289;
					};
				};
			};
			buildConfigurationList = 181D45B524776DE90038F6F3 /* Build configuration list for PBXProject "MyDrawingBoard" */;
			compatibilityVersion = "Xcode 9.3";
			developmentRegion = en;
			hasScannedForEncodings = 0;
			knownRegions = (
				en,
				Base,
			);
			mainGroup = 181D45B124776DE90038F6F3;
			productRefGroup = 181D45BB24776DE90038F6F3 /* Products */;
			projectDirPath = "";
			projectRoot = "";
			targets = (
				181D45B924776DE90038F6F3 /* MyDrawingBoard */,
				181D45CB24776DF20038F6F3 /* MyDrawingBoardTests */,
				181D45D624776DF30038F6F3 /* MyDrawingBoardUITests */,
				6D904ECD24829A9800D24289 /* MyDrawingBoard-iOS */,
				6D904EE224829A9B00D24289 /* MyDrawingBoard-iOSTests */,
				6D904EED24829A9B00D24289 /* MyDrawingBoard-iOSUITests */,
			);
		};
/* End PBXProject section */

/* Begin PBXResourcesBuildPhase section */
		181D45B824776DE90038F6F3 /* Resources */ = {
			isa = PBXResourcesBuildPhase;
			buildActionMask = 2147483647;
			files = (
				181D45C224776DF20038F6F3 /* Assets.xcassets in Resources */,
				6D8D0CD2247AB22300FD6933 /* ReplacePhotoVC.xib in Resources */,
				181D45C524776DF20038F6F3 /* Main.storyboard in Resources */,
			);
			runOnlyForDeploymentPostprocessing = 0;
		};
		181D45CA24776DF20038F6F3 /* Resources */ = {
			isa = PBXResourcesBuildPhase;
			buildActionMask = 2147483647;
			files = (
			);
			runOnlyForDeploymentPostprocessing = 0;
		};
		181D45D524776DF30038F6F3 /* Resources */ = {
			isa = PBXResourcesBuildPhase;
			buildActionMask = 2147483647;
			files = (
			);
			runOnlyForDeploymentPostprocessing = 0;
		};
		6D904ECC24829A9800D24289 /* Resources */ = {
			isa = PBXResourcesBuildPhase;
			buildActionMask = 2147483647;
			files = (
				6D904EDD24829A9B00D24289 /* LaunchScreen.storyboard in Resources */,
				6D904EDA24829A9B00D24289 /* Assets.xcassets in Resources */,
				6D904ED824829A9800D24289 /* Main.storyboard in Resources */,
			);
			runOnlyForDeploymentPostprocessing = 0;
		};
		6D904EE124829A9B00D24289 /* Resources */ = {
			isa = PBXResourcesBuildPhase;
			buildActionMask = 2147483647;
			files = (
			);
			runOnlyForDeploymentPostprocessing = 0;
		};
		6D904EEC24829A9B00D24289 /* Resources */ = {
			isa = PBXResourcesBuildPhase;
			buildActionMask = 2147483647;
			files = (
			);
			runOnlyForDeploymentPostprocessing = 0;
		};
/* End PBXResourcesBuildPhase section */

/* Begin PBXSourcesBuildPhase section */
		181D45B624776DE90038F6F3 /* Sources */ = {
			isa = PBXSourcesBuildPhase;
			buildActionMask = 2147483647;
			files = (
				6D8D0CD6247ABF2A00FD6933 /* SelectedFolderLabel.swift in Sources */,
				6D904EC924828D2B00D24289 /* GMLAttributesBuilder.swift in Sources */,
				183591882480BA550093FEB2 /* GMLPriceCalculateRules.swift in Sources */,
				18EAA8E5247BA1DF000ACB9D /* ReplacePhotoService.swift in Sources */,
				6D904EC724828C3200D24289 /* GMLRichTextBuilder.swift in Sources */,
				6D9585DD24795EAB0061FB55 /* MainToolCell.swift in Sources */,
				6D904F0B2482AD8D00D24289 /* GMLAttributesBuilderExtension.swift in Sources */,
				1835917F2480BA550093FEB2 /* NSImageExtension.swift in Sources */,
				6D90403624824BB400D24289 /* FileReplaceLog.swift in Sources */,
				181D45ED247771C90038F6F3 /* MyMainPanel.swift in Sources */,
				18EAA8EB247CB1D2000ACB9D /* FileItem.swift in Sources */,
				18EAA8E8247BA3D1000ACB9D /* ReplacePhotoDefinesType.swift in Sources */,
				183591822480BA550093FEB2 /* GMLStringExtension.swift in Sources */,
				6D4C5DFC2478B0C00012E7D4 /* GMLApplication.swift in Sources */,
				183591802480BA550093FEB2 /* GMLDictionaryExtension.swift in Sources */,
				6D9325DB24830AD80078C851 /* GMLRuntimeExtension.swift in Sources */,
				183591832480BA550093FEB2 /* StringPathExtension.swift in Sources */,
				6D9585DB2479514D0061FB55 /* ToolsItem.swift in Sources */,
				183591812480BA550093FEB2 /* FileManagerExtension.swift in Sources */,
				6D65866024854A7F00C0EFB0 /* ColorExtension.swift in Sources */,
				181D46552477CDF00038F6F3 /* GMLDocumentController.swift in Sources */,
				6D904F0024829B6C00D24289 /* GMLAttributedStringDefines.swift in Sources */,
				181D45BE24776DE90038F6F3 /* AppDelegate.swift in Sources */,
				6D8D0CD1247AB22300FD6933 /* ReplacePhotoVC.swift in Sources */,
				183591852480BA550093FEB2 /* GMLArrayExtension.swift in Sources */,
				6D65865D248544F300C0EFB0 /* FontExtension.swift in Sources */,
				6D904F092482ACBA00D24289 /* GMLAttributesKeyDefines.swift in Sources */,
				181D45F02477724A0038F6F3 /* GMLWindowController.swift in Sources */,
			);
			runOnlyForDeploymentPostprocessing = 0;
		};
		181D45C824776DF20038F6F3 /* Sources */ = {
			isa = PBXSourcesBuildPhase;
			buildActionMask = 2147483647;
			files = (
				181D45D124776DF30038F6F3 /* MyDrawingBoardTests.swift in Sources */,
				6D9325DD248319CD0078C851 /* GMLRuntimeExtensionTests.swift in Sources */,
			);
			runOnlyForDeploymentPostprocessing = 0;
		};
		181D45D324776DF30038F6F3 /* Sources */ = {
			isa = PBXSourcesBuildPhase;
			buildActionMask = 2147483647;
			files = (
				181D45DC24776DF30038F6F3 /* MyDrawingBoardUITests.swift in Sources */,
			);
			runOnlyForDeploymentPostprocessing = 0;
		};
		6D904ECA24829A9800D24289 /* Sources */ = {
			isa = PBXSourcesBuildPhase;
			buildActionMask = 2147483647;
			files = (
				6D65865E2485471A00C0EFB0 /* FontExtension.swift in Sources */,
				6D904ED524829A9800D24289 /* ViewController.swift in Sources */,
				6D904F032482A17E00D24289 /* GMLDictionaryExtension.swift in Sources */,
				6D904ED124829A9800D24289 /* AppDelegate.swift in Sources */,
				6D904ED324829A9800D24289 /* SceneDelegate.swift in Sources */,
				6D9C72FB2483BCC900F7B804 /* GMLAttributesKeyDefines.swift in Sources */,
				6D9C72FA2483BCC100F7B804 /* GMLAttributesBuilderExtension.swift in Sources */,
				6D904F012482A16800D24289 /* GMLAttributedStringDefines.swift in Sources */,
				6D904EFE24829AB500D24289 /* GMLAttributesBuilder.swift in Sources */,
				6D904F022482A16C00D24289 /* GMLRichTextBuilder.swift in Sources */,
			);
			runOnlyForDeploymentPostprocessing = 0;
		};
		6D904EDF24829A9B00D24289 /* Sources */ = {
			isa = PBXSourcesBuildPhase;
			buildActionMask = 2147483647;
			files = (
				6D904EE824829A9B00D24289 /* MyDrawingBoard_iOSTests.swift in Sources */,
			);
			runOnlyForDeploymentPostprocessing = 0;
		};
		6D904EEA24829A9B00D24289 /* Sources */ = {
			isa = PBXSourcesBuildPhase;
			buildActionMask = 2147483647;
			files = (
				6D904EF324829A9B00D24289 /* MyDrawingBoard_iOSUITests.swift in Sources */,
			);
			runOnlyForDeploymentPostprocessing = 0;
		};
/* End PBXSourcesBuildPhase section */

/* Begin PBXTargetDependency section */
		181D45CE24776DF30038F6F3 /* PBXTargetDependency */ = {
			isa = PBXTargetDependency;
			target = 181D45B924776DE90038F6F3 /* MyDrawingBoard */;
			targetProxy = 181D45CD24776DF30038F6F3 /* PBXContainerItemProxy */;
		};
		181D45D924776DF30038F6F3 /* PBXTargetDependency */ = {
			isa = PBXTargetDependency;
			target = 181D45B924776DE90038F6F3 /* MyDrawingBoard */;
			targetProxy = 181D45D824776DF30038F6F3 /* PBXContainerItemProxy */;
		};
		6D904EE524829A9B00D24289 /* PBXTargetDependency */ = {
			isa = PBXTargetDependency;
			target = 6D904ECD24829A9800D24289 /* MyDrawingBoard-iOS */;
			targetProxy = 6D904EE424829A9B00D24289 /* PBXContainerItemProxy */;
		};
		6D904EF024829A9B00D24289 /* PBXTargetDependency */ = {
			isa = PBXTargetDependency;
			target = 6D904ECD24829A9800D24289 /* MyDrawingBoard-iOS */;
			targetProxy = 6D904EEF24829A9B00D24289 /* PBXContainerItemProxy */;
		};
/* End PBXTargetDependency section */

/* Begin PBXVariantGroup section */
		181D45C324776DF20038F6F3 /* Main.storyboard */ = {
			isa = PBXVariantGroup;
			children = (
				181D45C424776DF20038F6F3 /* Base */,
			);
			name = Main.storyboard;
			sourceTree = "<group>";
		};
		6D904ED624829A9800D24289 /* Main.storyboard */ = {
			isa = PBXVariantGroup;
			children = (
				6D904ED724829A9800D24289 /* Base */,
			);
			name = Main.storyboard;
			sourceTree = "<group>";
		};
		6D904EDB24829A9B00D24289 /* LaunchScreen.storyboard */ = {
			isa = PBXVariantGroup;
			children = (
				6D904EDC24829A9B00D24289 /* Base */,
			);
			name = LaunchScreen.storyboard;
			sourceTree = "<group>";
		};
/* End PBXVariantGroup section */

/* Begin XCBuildConfiguration section */
		181D45DE24776DF30038F6F3 /* Debug */ = {
			isa = XCBuildConfiguration;
			buildSettings = {
				ALWAYS_SEARCH_USER_PATHS = NO;
				CLANG_ANALYZER_NONNULL = YES;
				CLANG_ANALYZER_NUMBER_OBJECT_CONVERSION = YES_AGGRESSIVE;
				CLANG_CXX_LANGUAGE_STANDARD = "gnu++14";
				CLANG_CXX_LIBRARY = "libc++";
				CLANG_ENABLE_MODULES = YES;
				CLANG_ENABLE_OBJC_ARC = YES;
				CLANG_ENABLE_OBJC_WEAK = YES;
				CLANG_WARN_BLOCK_CAPTURE_AUTORELEASING = YES;
				CLANG_WARN_BOOL_CONVERSION = YES;
				CLANG_WARN_COMMA = YES;
				CLANG_WARN_CONSTANT_CONVERSION = YES;
				CLANG_WARN_DEPRECATED_OBJC_IMPLEMENTATIONS = YES;
				CLANG_WARN_DIRECT_OBJC_ISA_USAGE = YES_ERROR;
				CLANG_WARN_DOCUMENTATION_COMMENTS = YES;
				CLANG_WARN_EMPTY_BODY = YES;
				CLANG_WARN_ENUM_CONVERSION = YES;
				CLANG_WARN_INFINITE_RECURSION = YES;
				CLANG_WARN_INT_CONVERSION = YES;
				CLANG_WARN_NON_LITERAL_NULL_CONVERSION = YES;
				CLANG_WARN_OBJC_IMPLICIT_RETAIN_SELF = YES;
				CLANG_WARN_OBJC_LITERAL_CONVERSION = YES;
				CLANG_WARN_OBJC_ROOT_CLASS = YES_ERROR;
				CLANG_WARN_RANGE_LOOP_ANALYSIS = YES;
				CLANG_WARN_STRICT_PROTOTYPES = YES;
				CLANG_WARN_SUSPICIOUS_MOVE = YES;
				CLANG_WARN_UNGUARDED_AVAILABILITY = YES_AGGRESSIVE;
				CLANG_WARN_UNREACHABLE_CODE = YES;
				CLANG_WARN__DUPLICATE_METHOD_MATCH = YES;
				COPY_PHASE_STRIP = NO;
				DEBUG_INFORMATION_FORMAT = dwarf;
				ENABLE_STRICT_OBJC_MSGSEND = YES;
				ENABLE_TESTABILITY = YES;
				GCC_C_LANGUAGE_STANDARD = gnu11;
				GCC_DYNAMIC_NO_PIC = NO;
				GCC_NO_COMMON_BLOCKS = YES;
				GCC_OPTIMIZATION_LEVEL = 0;
				GCC_PREPROCESSOR_DEFINITIONS = (
					"DEBUG=1",
					"$(inherited)",
				);
				GCC_WARN_64_TO_32_BIT_CONVERSION = YES;
				GCC_WARN_ABOUT_RETURN_TYPE = YES_ERROR;
				GCC_WARN_UNDECLARED_SELECTOR = YES;
				GCC_WARN_UNINITIALIZED_AUTOS = YES_AGGRESSIVE;
				GCC_WARN_UNUSED_FUNCTION = YES;
				GCC_WARN_UNUSED_VARIABLE = YES;
				MACOSX_DEPLOYMENT_TARGET = 10.15;
				MTL_ENABLE_DEBUG_INFO = INCLUDE_SOURCE;
				MTL_FAST_MATH = YES;
				ONLY_ACTIVE_ARCH = YES;
				SDKROOT = macosx;
				SWIFT_ACTIVE_COMPILATION_CONDITIONS = DEBUG;
				SWIFT_OPTIMIZATION_LEVEL = "-Onone";
			};
			name = Debug;
		};
		181D45DF24776DF30038F6F3 /* Release */ = {
			isa = XCBuildConfiguration;
			buildSettings = {
				ALWAYS_SEARCH_USER_PATHS = NO;
				CLANG_ANALYZER_NONNULL = YES;
				CLANG_ANALYZER_NUMBER_OBJECT_CONVERSION = YES_AGGRESSIVE;
				CLANG_CXX_LANGUAGE_STANDARD = "gnu++14";
				CLANG_CXX_LIBRARY = "libc++";
				CLANG_ENABLE_MODULES = YES;
				CLANG_ENABLE_OBJC_ARC = YES;
				CLANG_ENABLE_OBJC_WEAK = YES;
				CLANG_WARN_BLOCK_CAPTURE_AUTORELEASING = YES;
				CLANG_WARN_BOOL_CONVERSION = YES;
				CLANG_WARN_COMMA = YES;
				CLANG_WARN_CONSTANT_CONVERSION = YES;
				CLANG_WARN_DEPRECATED_OBJC_IMPLEMENTATIONS = YES;
				CLANG_WARN_DIRECT_OBJC_ISA_USAGE = YES_ERROR;
				CLANG_WARN_DOCUMENTATION_COMMENTS = YES;
				CLANG_WARN_EMPTY_BODY = YES;
				CLANG_WARN_ENUM_CONVERSION = YES;
				CLANG_WARN_INFINITE_RECURSION = YES;
				CLANG_WARN_INT_CONVERSION = YES;
				CLANG_WARN_NON_LITERAL_NULL_CONVERSION = YES;
				CLANG_WARN_OBJC_IMPLICIT_RETAIN_SELF = YES;
				CLANG_WARN_OBJC_LITERAL_CONVERSION = YES;
				CLANG_WARN_OBJC_ROOT_CLASS = YES_ERROR;
				CLANG_WARN_RANGE_LOOP_ANALYSIS = YES;
				CLANG_WARN_STRICT_PROTOTYPES = YES;
				CLANG_WARN_SUSPICIOUS_MOVE = YES;
				CLANG_WARN_UNGUARDED_AVAILABILITY = YES_AGGRESSIVE;
				CLANG_WARN_UNREACHABLE_CODE = YES;
				CLANG_WARN__DUPLICATE_METHOD_MATCH = YES;
				COPY_PHASE_STRIP = NO;
				DEBUG_INFORMATION_FORMAT = "dwarf-with-dsym";
				ENABLE_NS_ASSERTIONS = NO;
				ENABLE_STRICT_OBJC_MSGSEND = YES;
				GCC_C_LANGUAGE_STANDARD = gnu11;
				GCC_NO_COMMON_BLOCKS = YES;
				GCC_WARN_64_TO_32_BIT_CONVERSION = YES;
				GCC_WARN_ABOUT_RETURN_TYPE = YES_ERROR;
				GCC_WARN_UNDECLARED_SELECTOR = YES;
				GCC_WARN_UNINITIALIZED_AUTOS = YES_AGGRESSIVE;
				GCC_WARN_UNUSED_FUNCTION = YES;
				GCC_WARN_UNUSED_VARIABLE = YES;
				MACOSX_DEPLOYMENT_TARGET = 10.15;
				MTL_ENABLE_DEBUG_INFO = NO;
				MTL_FAST_MATH = YES;
				SDKROOT = macosx;
				SWIFT_COMPILATION_MODE = wholemodule;
				SWIFT_OPTIMIZATION_LEVEL = "-O";
			};
			name = Release;
		};
		181D45E124776DF30038F6F3 /* Debug */ = {
			isa = XCBuildConfiguration;
			buildSettings = {
				ASSETCATALOG_COMPILER_APPICON_NAME = AppIcon;
				CLANG_ENABLE_MODULES = YES;
				CODE_SIGN_ENTITLEMENTS = MyDrawingBoard/MyDrawingBoard.entitlements;
				CODE_SIGN_STYLE = Automatic;
				COMBINE_HIDPI_IMAGES = YES;
				DEVELOPMENT_TEAM = "";
				ENABLE_HARDENED_RUNTIME = YES;
				INFOPLIST_FILE = MyDrawingBoard/Info.plist;
				LD_RUNPATH_SEARCH_PATHS = (
					"$(inherited)",
					"@executable_path/../Frameworks",
				);
				MACOSX_DEPLOYMENT_TARGET = 10.14;
				PRODUCT_BUNDLE_IDENTIFIER = com.YM.MyDrawingBoard;
				PRODUCT_NAME = "$(TARGET_NAME)";
				SWIFT_INSTALL_OBJC_HEADER = NO;
				SWIFT_OBJC_BRIDGING_HEADER = "";
				SWIFT_OPTIMIZATION_LEVEL = "-Onone";
				SWIFT_PRECOMPILE_BRIDGING_HEADER = NO;
				SWIFT_VERSION = 5.0;
			};
			name = Debug;
		};
		181D45E224776DF30038F6F3 /* Release */ = {
			isa = XCBuildConfiguration;
			buildSettings = {
				ASSETCATALOG_COMPILER_APPICON_NAME = AppIcon;
				CLANG_ENABLE_MODULES = YES;
				CODE_SIGN_ENTITLEMENTS = MyDrawingBoard/MyDrawingBoard.entitlements;
				CODE_SIGN_STYLE = Automatic;
				COMBINE_HIDPI_IMAGES = YES;
				DEVELOPMENT_TEAM = "";
				ENABLE_HARDENED_RUNTIME = YES;
				INFOPLIST_FILE = MyDrawingBoard/Info.plist;
				LD_RUNPATH_SEARCH_PATHS = (
					"$(inherited)",
					"@executable_path/../Frameworks",
				);
				MACOSX_DEPLOYMENT_TARGET = 10.14;
				PRODUCT_BUNDLE_IDENTIFIER = com.YM.MyDrawingBoard;
				PRODUCT_NAME = "$(TARGET_NAME)";
				SWIFT_INSTALL_OBJC_HEADER = NO;
				SWIFT_OBJC_BRIDGING_HEADER = "";
				SWIFT_PRECOMPILE_BRIDGING_HEADER = NO;
				SWIFT_VERSION = 5.0;
			};
			name = Release;
		};
		181D45E424776DF30038F6F3 /* Debug */ = {
			isa = XCBuildConfiguration;
			buildSettings = {
				ALWAYS_EMBED_SWIFT_STANDARD_LIBRARIES = YES;
				BUNDLE_LOADER = "$(TEST_HOST)";
				CODE_SIGN_IDENTITY = "-";
				CODE_SIGN_STYLE = Automatic;
				COMBINE_HIDPI_IMAGES = YES;
				DEVELOPMENT_TEAM = "";
				INFOPLIST_FILE = MyDrawingBoardTests/Info.plist;
				LD_RUNPATH_SEARCH_PATHS = (
					"$(inherited)",
					"@executable_path/../Frameworks",
					"@loader_path/../Frameworks",
				);
				MACOSX_DEPLOYMENT_TARGET = 10.15;
				PRODUCT_BUNDLE_IDENTIFIER = com.YM.MyDrawingBoardTests;
				PRODUCT_NAME = "$(TARGET_NAME)";
				PROVISIONING_PROFILE_SPECIFIER = "";
				SWIFT_VERSION = 5.0;
				TEST_HOST = "$(BUILT_PRODUCTS_DIR)/MyDrawingBoard.app/Contents/MacOS/MyDrawingBoard";
			};
			name = Debug;
		};
		181D45E524776DF30038F6F3 /* Release */ = {
			isa = XCBuildConfiguration;
			buildSettings = {
				ALWAYS_EMBED_SWIFT_STANDARD_LIBRARIES = YES;
				BUNDLE_LOADER = "$(TEST_HOST)";
				CODE_SIGN_IDENTITY = "-";
				CODE_SIGN_STYLE = Automatic;
				COMBINE_HIDPI_IMAGES = YES;
				DEVELOPMENT_TEAM = "";
				INFOPLIST_FILE = MyDrawingBoardTests/Info.plist;
				LD_RUNPATH_SEARCH_PATHS = (
					"$(inherited)",
					"@executable_path/../Frameworks",
					"@loader_path/../Frameworks",
				);
				MACOSX_DEPLOYMENT_TARGET = 10.15;
				PRODUCT_BUNDLE_IDENTIFIER = com.YM.MyDrawingBoardTests;
				PRODUCT_NAME = "$(TARGET_NAME)";
				PROVISIONING_PROFILE_SPECIFIER = "";
				SWIFT_VERSION = 5.0;
				TEST_HOST = "$(BUILT_PRODUCTS_DIR)/MyDrawingBoard.app/Contents/MacOS/MyDrawingBoard";
			};
			name = Release;
		};
		181D45E724776DF30038F6F3 /* Debug */ = {
			isa = XCBuildConfiguration;
			buildSettings = {
				ALWAYS_EMBED_SWIFT_STANDARD_LIBRARIES = YES;
				CODE_SIGN_STYLE = Automatic;
				COMBINE_HIDPI_IMAGES = YES;
				DEVELOPMENT_TEAM = "";
				INFOPLIST_FILE = MyDrawingBoardUITests/Info.plist;
				LD_RUNPATH_SEARCH_PATHS = (
					"$(inherited)",
					"@executable_path/../Frameworks",
					"@loader_path/../Frameworks",
				);
				PRODUCT_BUNDLE_IDENTIFIER = com.YM.MyDrawingBoardUITests;
				PRODUCT_NAME = "$(TARGET_NAME)";
				SWIFT_VERSION = 5.0;
				TEST_TARGET_NAME = MyDrawingBoard;
			};
			name = Debug;
		};
		181D45E824776DF30038F6F3 /* Release */ = {
			isa = XCBuildConfiguration;
			buildSettings = {
				ALWAYS_EMBED_SWIFT_STANDARD_LIBRARIES = YES;
				CODE_SIGN_STYLE = Automatic;
				COMBINE_HIDPI_IMAGES = YES;
				DEVELOPMENT_TEAM = "";
				INFOPLIST_FILE = MyDrawingBoardUITests/Info.plist;
				LD_RUNPATH_SEARCH_PATHS = (
					"$(inherited)",
					"@executable_path/../Frameworks",
					"@loader_path/../Frameworks",
				);
				PRODUCT_BUNDLE_IDENTIFIER = com.YM.MyDrawingBoardUITests;
				PRODUCT_NAME = "$(TARGET_NAME)";
				SWIFT_VERSION = 5.0;
				TEST_TARGET_NAME = MyDrawingBoard;
			};
			name = Release;
		};
		6D904EF624829A9B00D24289 /* Debug */ = {
			isa = XCBuildConfiguration;
			buildSettings = {
				ASSETCATALOG_COMPILER_APPICON_NAME = AppIcon;
				CODE_SIGN_STYLE = Automatic;
				INFOPLIST_FILE = "MyDrawingBoard-iOS/Info.plist";
				IPHONEOS_DEPLOYMENT_TARGET = 13.2;
				LD_RUNPATH_SEARCH_PATHS = (
					"$(inherited)",
					"@executable_path/Frameworks",
				);
				PRODUCT_BUNDLE_IDENTIFIER = "com.vx.MyDrawingBoard-iOS";
				PRODUCT_NAME = "$(TARGET_NAME)";
				SDKROOT = iphoneos;
				SWIFT_VERSION = 5.0;
				TARGETED_DEVICE_FAMILY = "1,2";
			};
			name = Debug;
		};
		6D904EF724829A9B00D24289 /* Release */ = {
			isa = XCBuildConfiguration;
			buildSettings = {
				ASSETCATALOG_COMPILER_APPICON_NAME = AppIcon;
				CODE_SIGN_STYLE = Automatic;
				INFOPLIST_FILE = "MyDrawingBoard-iOS/Info.plist";
				IPHONEOS_DEPLOYMENT_TARGET = 13.2;
				LD_RUNPATH_SEARCH_PATHS = (
					"$(inherited)",
					"@executable_path/Frameworks",
				);
				PRODUCT_BUNDLE_IDENTIFIER = "com.vx.MyDrawingBoard-iOS";
				PRODUCT_NAME = "$(TARGET_NAME)";
				SDKROOT = iphoneos;
				SWIFT_VERSION = 5.0;
				TARGETED_DEVICE_FAMILY = "1,2";
				VALIDATE_PRODUCT = YES;
			};
			name = Release;
		};
		6D904EF924829A9B00D24289 /* Debug */ = {
			isa = XCBuildConfiguration;
			buildSettings = {
				ALWAYS_EMBED_SWIFT_STANDARD_LIBRARIES = YES;
				BUNDLE_LOADER = "$(TEST_HOST)";
				"CODE_SIGN_IDENTITY[sdk=macosx*]" = "Apple Development";
				CODE_SIGN_STYLE = Automatic;
				INFOPLIST_FILE = "MyDrawingBoard-iOSTests/Info.plist";
				IPHONEOS_DEPLOYMENT_TARGET = 13.2;
				LD_RUNPATH_SEARCH_PATHS = (
					"$(inherited)",
					"@executable_path/Frameworks",
					"@loader_path/Frameworks",
				);
				PRODUCT_BUNDLE_IDENTIFIER = "com.vx.MyDrawingBoard-iOSTests";
				PRODUCT_NAME = "$(TARGET_NAME)";
				SDKROOT = iphoneos;
				SWIFT_VERSION = 5.0;
				TARGETED_DEVICE_FAMILY = "1,2";
				TEST_HOST = "$(BUILT_PRODUCTS_DIR)/MyDrawingBoard-iOS.app/MyDrawingBoard-iOS";
			};
			name = Debug;
		};
		6D904EFA24829A9B00D24289 /* Release */ = {
			isa = XCBuildConfiguration;
			buildSettings = {
				ALWAYS_EMBED_SWIFT_STANDARD_LIBRARIES = YES;
				BUNDLE_LOADER = "$(TEST_HOST)";
				"CODE_SIGN_IDENTITY[sdk=macosx*]" = "Apple Development";
				CODE_SIGN_STYLE = Automatic;
				INFOPLIST_FILE = "MyDrawingBoard-iOSTests/Info.plist";
				IPHONEOS_DEPLOYMENT_TARGET = 13.2;
				LD_RUNPATH_SEARCH_PATHS = (
					"$(inherited)",
					"@executable_path/Frameworks",
					"@loader_path/Frameworks",
				);
				PRODUCT_BUNDLE_IDENTIFIER = "com.vx.MyDrawingBoard-iOSTests";
				PRODUCT_NAME = "$(TARGET_NAME)";
				SDKROOT = iphoneos;
				SWIFT_VERSION = 5.0;
				TARGETED_DEVICE_FAMILY = "1,2";
				TEST_HOST = "$(BUILT_PRODUCTS_DIR)/MyDrawingBoard-iOS.app/MyDrawingBoard-iOS";
				VALIDATE_PRODUCT = YES;
			};
			name = Release;
		};
		6D904EFC24829A9B00D24289 /* Debug */ = {
			isa = XCBuildConfiguration;
			buildSettings = {
				ALWAYS_EMBED_SWIFT_STANDARD_LIBRARIES = YES;
				CODE_SIGN_STYLE = Automatic;
				INFOPLIST_FILE = "MyDrawingBoard-iOSUITests/Info.plist";
				IPHONEOS_DEPLOYMENT_TARGET = 13.2;
				LD_RUNPATH_SEARCH_PATHS = (
					"$(inherited)",
					"@executable_path/Frameworks",
					"@loader_path/Frameworks",
				);
				PRODUCT_BUNDLE_IDENTIFIER = "com.vx.MyDrawingBoard-iOSUITests";
				PRODUCT_NAME = "$(TARGET_NAME)";
				SDKROOT = iphoneos;
				SWIFT_VERSION = 5.0;
				TARGETED_DEVICE_FAMILY = "1,2";
				TEST_TARGET_NAME = "MyDrawingBoard-iOS";
			};
			name = Debug;
		};
		6D904EFD24829A9B00D24289 /* Release */ = {
			isa = XCBuildConfiguration;
			buildSettings = {
				ALWAYS_EMBED_SWIFT_STANDARD_LIBRARIES = YES;
				CODE_SIGN_STYLE = Automatic;
				INFOPLIST_FILE = "MyDrawingBoard-iOSUITests/Info.plist";
				IPHONEOS_DEPLOYMENT_TARGET = 13.2;
				LD_RUNPATH_SEARCH_PATHS = (
					"$(inherited)",
					"@executable_path/Frameworks",
					"@loader_path/Frameworks",
				);
				PRODUCT_BUNDLE_IDENTIFIER = "com.vx.MyDrawingBoard-iOSUITests";
				PRODUCT_NAME = "$(TARGET_NAME)";
				SDKROOT = iphoneos;
				SWIFT_VERSION = 5.0;
				TARGETED_DEVICE_FAMILY = "1,2";
				TEST_TARGET_NAME = "MyDrawingBoard-iOS";
				VALIDATE_PRODUCT = YES;
			};
			name = Release;
		};
/* End XCBuildConfiguration section */

/* Begin XCConfigurationList section */
		181D45B524776DE90038F6F3 /* Build configuration list for PBXProject "MyDrawingBoard" */ = {
			isa = XCConfigurationList;
			buildConfigurations = (
				181D45DE24776DF30038F6F3 /* Debug */,
				181D45DF24776DF30038F6F3 /* Release */,
			);
			defaultConfigurationIsVisible = 0;
			defaultConfigurationName = Release;
		};
		181D45E024776DF30038F6F3 /* Build configuration list for PBXNativeTarget "MyDrawingBoard" */ = {
			isa = XCConfigurationList;
			buildConfigurations = (
				181D45E124776DF30038F6F3 /* Debug */,
				181D45E224776DF30038F6F3 /* Release */,
			);
			defaultConfigurationIsVisible = 0;
			defaultConfigurationName = Release;
		};
		181D45E324776DF30038F6F3 /* Build configuration list for PBXNativeTarget "MyDrawingBoardTests" */ = {
			isa = XCConfigurationList;
			buildConfigurations = (
				181D45E424776DF30038F6F3 /* Debug */,
				181D45E524776DF30038F6F3 /* Release */,
			);
			defaultConfigurationIsVisible = 0;
			defaultConfigurationName = Release;
		};
		181D45E624776DF30038F6F3 /* Build configuration list for PBXNativeTarget "MyDrawingBoardUITests" */ = {
			isa = XCConfigurationList;
			buildConfigurations = (
				181D45E724776DF30038F6F3 /* Debug */,
				181D45E824776DF30038F6F3 /* Release */,
			);
			defaultConfigurationIsVisible = 0;
			defaultConfigurationName = Release;
		};
		6D904EF524829A9B00D24289 /* Build configuration list for PBXNativeTarget "MyDrawingBoard-iOS" */ = {
			isa = XCConfigurationList;
			buildConfigurations = (
				6D904EF624829A9B00D24289 /* Debug */,
				6D904EF724829A9B00D24289 /* Release */,
			);
			defaultConfigurationIsVisible = 0;
			defaultConfigurationName = Release;
		};
		6D904EF824829A9B00D24289 /* Build configuration list for PBXNativeTarget "MyDrawingBoard-iOSTests" */ = {
			isa = XCConfigurationList;
			buildConfigurations = (
				6D904EF924829A9B00D24289 /* Debug */,
				6D904EFA24829A9B00D24289 /* Release */,
			);
			defaultConfigurationIsVisible = 0;
			defaultConfigurationName = Release;
		};
		6D904EFB24829A9B00D24289 /* Build configuration list for PBXNativeTarget "MyDrawingBoard-iOSUITests" */ = {
			isa = XCConfigurationList;
			buildConfigurations = (
				6D904EFC24829A9B00D24289 /* Debug */,
				6D904EFD24829A9B00D24289 /* Release */,
			);
			defaultConfigurationIsVisible = 0;
			defaultConfigurationName = Release;
		};
/* End XCConfigurationList section */
	};
	rootObject = 181D45B224776DE90038F6F3 /* Project object */;
}
